
Microsoft Visual Studio Solution File, Format Version 12.00
# Visual Studio 15
VisualStudioVersion = 15.0.26228.12
MinimumVisualStudioVersion = 10.0.40219.1
Project("{FAE04EC0-301F-11D3-BF4B-00C04F79EFBC}") = "POK_Logic_Framework", "POK_Logic_Framework\POK_Logic_Framework.csproj", "{87E00952-6254-47BD-961C-E44A3C2DE61D}"
EndProject
Global
	GlobalSection(SolutionConfigurationPlatforms) = preSolution
		Debug|Any CPU = Debug|Any CPU
		Release|Any CPU = Release|Any CPU
	EndGlobalSection
	GlobalSection(ProjectConfigurationPlatforms) = postSolution
		{87E00952-6254-47BD-961C-E44A3C2DE61D}.Debug|Any CPU.ActiveCfg = Debug|Any CPU
		{87E00952-6254-47BD-961C-E44A3C2DE61D}.Debug|Any CPU.Build.0 = Debug|Any CPU
		{87E00952-6254-47BD-961C-E44A3C2DE61D}.Release|Any CPU.ActiveCfg = Release|Any CPU
		{87E00952-6254-47BD-961C-E44A3C2DE61D}.Release|Any CPU.Build.0 = Release|Any CPU
	EndGlobalSection
	GlobalSection(SolutionProperties) = preSolution
		HideSolutionNode = FALSE
	EndGlobalSection
EndGlobal
